
Microsoft Visual Studio Solution File, Format Version 12.00
# Visual Studio 15
VisualStudioVersion = 15.0.26730.3
MinimumVisualStudioVersion = 10.0.40219.1
Project("{FAE04EC0-301F-11D3-BF4B-00C04F79EFBC}") = "ABC", "ABC\ABC.csproj", "{ACD8C163-4FE9-433D-99E6-94BCD6213A5E}"
EndProject
Global
	GlobalSection(SolutionConfigurationPlatforms) = preSolution
		Debug|Any CPU = Debug|Any CPU
		Release|Any CPU = Release|Any CPU
	EndGlobalSection
	GlobalSection(ProjectConfigurationPlatforms) = postSolution
		{ACD8C163-4FE9-433D-99E6-94BCD6213A5E}.Debug|Any CPU.ActiveCfg = Debug|Any CPU
		{ACD8C163-4FE9-433D-99E6-94BCD6213A5E}.Debug|Any CPU.Build.0 = Debug|Any CPU
		{ACD8C163-4FE9-433D-99E6-94BCD6213A5E}.Release|Any CPU.ActiveCfg = Release|Any CPU
		{ACD8C163-4FE9-433D-99E6-94BCD6213A5E}.Release|Any CPU.Build.0 = Release|Any CPU
	EndGlobalSection
	GlobalSection(SolutionProperties) = preSolution
		HideSolutionNode = FALSE
	EndGlobalSection
	GlobalSection(ExtensibilityGlobals) = postSolution
		SolutionGuid = {46436BF0-7FA0-4CFC-BEBE-CA095BB073C3}
	EndGlobalSection
EndGlobal
